
Microsoft Visual Studio Solution File, Format Version 12.00
# Visual Studio Version 17
VisualStudioVersion = 17.3.32819.101
MinimumVisualStudioVersion = 10.0.40219.1
Project("{9A19103F-16F7-4668-BE54-9A1E7A4F7556}") = "Gazify.Web", "Gazify.web\Gazify.Web.csproj", "{783F821F-C57D-450C-B885-3D1F5501F330}"
EndProject
Global
	GlobalSection(SolutionConfigurationPlatforms) = preSolution
		Debug|Any CPU = Debug|Any CPU
		Release|Any CPU = Release|Any CPU
	EndGlobalSection
	GlobalSection(ProjectConfigurationPlatforms) = postSolution
		{783F821F-C57D-450C-B885-3D1F5501F330}.Debug|Any CPU.ActiveCfg = Debug|Any CPU
		{783F821F-C57D-450C-B885-3D1F5501F330}.Debug|Any CPU.Build.0 = Debug|Any CPU
		{783F821F-C57D-450C-B885-3D1F5501F330}.Release|Any CPU.ActiveCfg = Release|Any CPU
		{783F821F-C57D-450C-B885-3D1F5501F330}.Release|Any CPU.Build.0 = Release|Any CPU
	EndGlobalSection
	GlobalSection(SolutionProperties) = preSolution
		HideSolutionNode = FALSE
	EndGlobalSection
	GlobalSection(ExtensibilityGlobals) = postSolution
		SolutionGuid = {112DE3B5-48E8-4346-A758-FC0E9D0794BD}
	EndGlobalSection
EndGlobal
